{
  "version": 4,
  "terraform_version": "1.9.4",
  "serial": 507,
  "lineage": "166655fc-0545-f07e-33aa-28d450571ed7",
  "outputs": {
    "droplet_ip": {
      "value": "139.59.66.46",
      "type": "string"
    }
  },
  "resources": [
    {
      "mode": "managed",
      "type": "digitalocean_droplet",
      "name": "ansible_automation_platform_droplet",
      "provider": "provider[\"registry.terraform.io/digitalocean/digitalocean\"]",
      "instances": [
        {
          "schema_version": 1,
          "attributes": {
            "backups": false,
            "created_at": "2024-09-18T07:42:32Z",
            "disk": 160,
            "droplet_agent": null,
            "graceful_shutdown": false,
            "id": "446025815",
            "image": "164728761",
            "ipv4_address": "139.59.66.46",
            "ipv4_address_private": "10.122.0.3",
            "ipv6": false,
            "ipv6_address": "",
            "locked": false,
            "memory": 8192,
            "monitoring": false,
            "name": "ansible-automation-platform-tf",
            "price_hourly": 0.07143,
            "price_monthly": 48,
            "private_networking": true,
            "region": "blr1",
            "resize_disk": true,
            "size": "s-4vcpu-8gb",
            "ssh_keys": [
              "a6:c8:69:86:16:ad:18:c9:ac:f7:16:ef:2c:e2:bb:4e"
            ],
            "status": "active",
            "tags": null,
            "timeouts": null,
            "urn": "do:droplet:446025815",
            "user_data": null,
            "vcpus": 4,
            "volume_ids": [],
            "vpc_uuid": "1dfb285c-13d1-4e3a-9b0f-d990e51286c4"
          },
          "sensitive_attributes": [],
          "private": "eyJlMmJmYjczMC1lY2FhLTExZTYtOGY4OC0zNDM2M2JjN2M0YzAiOnsiY3JlYXRlIjozNjAwMDAwMDAwMDAwLCJkZWxldGUiOjYwMDAwMDAwMDAwLCJ1cGRhdGUiOjM2MDAwMDAwMDAwMDB9LCJzY2hlbWFfdmVyc2lvbiI6IjEifQ==",
          "dependencies": [
            "digitalocean_ssh_key.my_key"
          ]
        }
      ]
    },
    {
      "mode": "managed",
      "type": "digitalocean_ssh_key",
      "name": "my_key",
      "provider": "provider[\"registry.terraform.io/digitalocean/digitalocean\"]",
      "instances": [
        {
          "schema_version": 0,
          "attributes": {
            "fingerprint": "a6:c8:69:86:16:ad:18:c9:ac:f7:16:ef:2c:e2:bb:4e",
            "id": "43420898",
            "name": "my_ssh_key",
            "public_key": "ssh-rsa AAAAB3NzaC1yc2EAAAADAQABAAABgQDMylMAwDPsDfP3l6yqe3FAp16F+Z6+O+vCOn/Pm6BvuA8VPwyGuSAjwbr4YUV7ZOeuJYHvCUUFB2jw/inMGGkJt2Y3VGjbPsMssaoctzZQ+PhSy034+s8KEwTquYxRe8HvoEG9HvU+i6OeE0wwP6Db5vPhH86l18xRJThfrau8kHHjOERpfr0F9GLHkQlyPbDUpdZVWIKkWtqFGlu2Mz8XwphhlVVVecWlvUBEQNfgV2jVcl8VbW42XLS2i5VjMdwWCge/1XCm/WWukXpy5IVDJGGpKadMC0/u8gZg4UaY3c0AqZYl67wzxlIcmMVipiyhMrFHE/hLTCbFqbEXuKAwI6tvxgDKRhURc+ls9FN5nBbDm6VxYVs5Mw4yWyVW4Efrqjny/03C+d/UN96gztkM6j0IaIXoLe8YRYfAPYNY+vs7gFduT34j15MSwvgrNioWBJwX10qiZjbeQeDHqnStOu5x3GVbV+WT+Jl6zybkYRtPStTMoyvRw8UGHM7esfs= sparsh khandelwal@LAPTOP-NBVSKPP9",
            "timeouts": null
          },
          "sensitive_attributes": [],
          "private": "eyJlMmJmYjczMC1lY2FhLTExZTYtOGY4OC0zNDM2M2JjN2M0YzAiOnsiY3JlYXRlIjoxMjAwMDAwMDAwMDB9fQ=="
        }
      ]
    }
  ],
  "check_results": null
}
